// !$*UTF8*$!
{
	archiveVersion = 1;
	classes = {
	};
	objectVersion = 46;
	objects = {

/* Begin PBXBuildFile section */
		677B00E91E81196A00B781C7 /* AppDelegate.swift in Sources */ = {isa = PBXBuildFile; fileRef = 677B00E81E81196A00B781C7 /* AppDelegate.swift */; };
		677B00EE1E81196A00B781C7 /* Main.storyboard in Resources */ = {isa = PBXBuildFile; fileRef = 677B00EC1E81196A00B781C7 /* Main.storyboard */; };
		677B00F01E81196A00B781C7 /* Assets.xcassets in Resources */ = {isa = PBXBuildFile; fileRef = 677B00EF1E81196A00B781C7 /* Assets.xcassets */; };
		677B00F31E81196A00B781C7 /* LaunchScreen.storyboard in Resources */ = {isa = PBXBuildFile; fileRef = 677B00F11E81196A00B781C7 /* LaunchScreen.storyboard */; };
		677B010A1E812F5F00B781C7 /* Home.storyboard in Resources */ = {isa = PBXBuildFile; fileRef = 677B01081E812F5F00B781C7 /* Home.storyboard */; };
		677B010C1E812F9F00B781C7 /* Live.storyboard in Resources */ = {isa = PBXBuildFile; fileRef = 677B010B1E812F9F00B781C7 /* Live.storyboard */; };
		677B010F1E812FBA00B781C7 /* Follow.storyboard in Resources */ = {isa = PBXBuildFile; fileRef = 677B010D1E812FBA00B781C7 /* Follow.storyboard */; };
		677B01181E81328F00B781C7 /* Profile.storyboard in Resources */ = {isa = PBXBuildFile; fileRef = 677B01171E81328F00B781C7 /* Profile.storyboard */; };
		677B01201E81351C00B781C7 /* MainViewController.swift in Sources */ = {isa = PBXBuildFile; fileRef = 677B011D1E81351C00B781C7 /* MainViewController.swift */; };
		677B01221E81362D00B781C7 /* HomeViewController.swift in Sources */ = {isa = PBXBuildFile; fileRef = 677B01211E81362D00B781C7 /* HomeViewController.swift */; };
		67E69E1D1E820EC9002235E5 /* UIBarbuttonItem_extension.swift in Sources */ = {isa = PBXBuildFile; fileRef = 67E69E1C1E820EC9002235E5 /* UIBarbuttonItem_extension.swift */; };
/* End PBXBuildFile section */

/* Begin PBXFileReference section */
		677B00E51E81196A00B781C7 /* HPZBTV.app */ = {isa = PBXFileReference; explicitFileType = wrapper.application; includeInIndex = 0; path = HPZBTV.app; sourceTree = BUILT_PRODUCTS_DIR; };
		677B00E81E81196A00B781C7 /* AppDelegate.swift */ = {isa = PBXFileReference; lastKnownFileType = sourcecode.swift; path = AppDelegate.swift; sourceTree = "<group>"; };
		677B00ED1E81196A00B781C7 /* Base */ = {isa = PBXFileReference; lastKnownFileType = file.storyboard; name = Base; path = Base.lproj/Main.storyboard; sourceTree = "<group>"; };
		677B00EF1E81196A00B781C7 /* Assets.xcassets */ = {isa = PBXFileReference; lastKnownFileType = folder.assetcatalog; path = Assets.xcassets; sourceTree = "<group>"; };
		677B00F21E81196A00B781C7 /* Base */ = {isa = PBXFileReference; lastKnownFileType = file.storyboard; name = Base; path = Base.lproj/LaunchScreen.storyboard; sourceTree = "<group>"; };
		677B00F41E81196A00B781C7 /* Info.plist */ = {isa = PBXFileReference; lastKnownFileType = text.plist.xml; path = Info.plist; sourceTree = "<group>"; };
		677B01091E812F5F00B781C7 /* Base */ = {isa = PBXFileReference; lastKnownFileType = file.storyboard; name = Base; path = HPZBTV/Base.lproj/Home.storyboard; sourceTree = SOURCE_ROOT; };
		677B010B1E812F9F00B781C7 /* Live.storyboard */ = {isa = PBXFileReference; fileEncoding = 4; lastKnownFileType = file.storyboard; name = Live.storyboard; path = ../Main/Live.storyboard; sourceTree = "<group>"; };
		677B010E1E812FBA00B781C7 /* Base */ = {isa = PBXFileReference; lastKnownFileType = file.storyboard; name = Base; path = HPZBTV/Base.lproj/Follow.storyboard; sourceTree = SOURCE_ROOT; };
		677B01171E81328F00B781C7 /* Profile.storyboard */ = {isa = PBXFileReference; fileEncoding = 4; lastKnownFileType = file.storyboard; name = Profile.storyboard; path = ../Main/Profile.storyboard; sourceTree = "<group>"; };
		677B011D1E81351C00B781C7 /* MainViewController.swift */ = {isa = PBXFileReference; fileEncoding = 4; lastKnownFileType = sourcecode.swift; path = MainViewController.swift; sourceTree = "<group>"; };
		677B01211E81362D00B781C7 /* HomeViewController.swift */ = {isa = PBXFileReference; fileEncoding = 4; lastKnownFileType = sourcecode.swift; path = HomeViewController.swift; sourceTree = "<group>"; };
		67E69E1C1E820EC9002235E5 /* UIBarbuttonItem_extension.swift */ = {isa = PBXFileReference; fileEncoding = 4; lastKnownFileType = sourcecode.swift; path = UIBarbuttonItem_extension.swift; sourceTree = "<group>"; };
/* End PBXFileReference section */

/* Begin PBXFrameworksBuildPhase section */
		677B00E21E81196A00B781C7 /* Frameworks */ = {
			isa = PBXFrameworksBuildPhase;
			buildActionMask = 2147483647;
			files = (
			);
			runOnlyForDeploymentPostprocessing = 0;
		};
/* End PBXFrameworksBuildPhase section */

/* Begin PBXGroup section */
		677B00DC1E81196A00B781C7 = {
			isa = PBXGroup;
			children = (
				677B00E71E81196A00B781C7 /* HPZBTV */,
				677B00E61E81196A00B781C7 /* Products */,
			);
			sourceTree = "<group>";
		};
		677B00E61E81196A00B781C7 /* Products */ = {
			isa = PBXGroup;
			children = (
				677B00E51E81196A00B781C7 /* HPZBTV.app */,
			);
			name = Products;
			sourceTree = "<group>";
		};
		677B00E71E81196A00B781C7 /* HPZBTV */ = {
			isa = PBXGroup;
			children = (
				677B01011E8127C200B781C7 /* Classes */,
				677B00E81E81196A00B781C7 /* AppDelegate.swift */,
				677B00EF1E81196A00B781C7 /* Assets.xcassets */,
				677B00F11E81196A00B781C7 /* LaunchScreen.storyboard */,
				677B00F41E81196A00B781C7 /* Info.plist */,
			);
			path = HPZBTV;
			sourceTree = "<group>";
		};
		677B01011E8127C200B781C7 /* Classes */ = {
			isa = PBXGroup;
			children = (
				677B01031E8127C200B781C7 /* Home */,
				677B01041E8127C200B781C7 /* Live */,
				677B01021E8127C200B781C7 /* Follow */,
				677B01161E81325000B781C7 /* Profile */,
				677B01051E8127C200B781C7 /* Main */,
				677B01071E8127C200B781C7 /* Tools */,
			);
			path = Classes;
			sourceTree = "<group>";
		};
		677B01021E8127C200B781C7 /* Follow */ = {
			isa = PBXGroup;
			children = (
				677B010D1E812FBA00B781C7 /* Follow.storyboard */,
			);
			path = Follow;
			sourceTree = "<group>";
		};
		677B01031E8127C200B781C7 /* Home */ = {
			isa = PBXGroup;
			children = (
				677B01191E81349700B781C7 /* View */,
				677B011A1E81349700B781C7 /* Model */,
				677B011B1E81349700B781C7 /* Controller */,
				677B01081E812F5F00B781C7 /* Home.storyboard */,
			);
			path = Home;
			sourceTree = "<group>";
		};
		677B01041E8127C200B781C7 /* Live */ = {
			isa = PBXGroup;
			children = (
				677B010B1E812F9F00B781C7 /* Live.storyboard */,
			);
			path = Live;
			sourceTree = "<group>";
		};
		677B01051E8127C200B781C7 /* Main */ = {
			isa = PBXGroup;
			children = (
				677B011C1E81351C00B781C7 /* Controller */,
				677B011E1E81351C00B781C7 /* View */,
				677B011F1E81351C00B781C7 /* Model */,
				677B00EC1E81196A00B781C7 /* Main.storyboard */,
			);
			path = Main;
			sourceTree = "<group>";
		};
		677B01071E8127C200B781C7 /* Tools */ = {
			isa = PBXGroup;
			children = (
				67E69E1B1E820EA0002235E5 /* Extension */,
			);
			path = Tools;
			sourceTree = "<group>";
		};
		677B01161E81325000B781C7 /* Profile */ = {
			isa = PBXGroup;
			children = (
				677B01171E81328F00B781C7 /* Profile.storyboard */,
			);
			path = Profile;
			sourceTree = "<group>";
		};
		677B01191E81349700B781C7 /* View */ = {
			isa = PBXGroup;
			children = (
			);
			path = View;
			sourceTree = "<group>";
		};
		677B011A1E81349700B781C7 /* Model */ = {
			isa = PBXGroup;
			children = (
			);
			path = Model;
			sourceTree = "<group>";
		};
		677B011B1E81349700B781C7 /* Controller */ = {
			isa = PBXGroup;
			children = (
				677B01211E81362D00B781C7 /* HomeViewController.swift */,
			);
			path = Controller;
			sourceTree = "<group>";
		};
		677B011C1E81351C00B781C7 /* Controller */ = {
			isa = PBXGroup;
			children = (
				677B011D1E81351C00B781C7 /* MainViewController.swift */,
			);
			path = Controller;
			sourceTree = "<group>";
		};
		677B011E1E81351C00B781C7 /* View */ = {
			isa = PBXGroup;
			children = (
			);
			path = View;
			sourceTree = "<group>";
		};
		677B011F1E81351C00B781C7 /* Model */ = {
			isa = PBXGroup;
			children = (
			);
			path = Model;
			sourceTree = "<group>";
		};
		67E69E1B1E820EA0002235E5 /* Extension */ = {
			isa = PBXGroup;
			children = (
				67E69E1C1E820EC9002235E5 /* UIBarbuttonItem_extension.swift */,
			);
			path = Extension;
			sourceTree = "<group>";
		};
/* End PBXGroup section */

/* Begin PBXNativeTarget section */
		677B00E41E81196A00B781C7 /* HPZBTV */ = {
			isa = PBXNativeTarget;
			buildConfigurationList = 677B00F71E81196A00B781C7 /* Build configuration list for PBXNativeTarget "HPZBTV" */;
			buildPhases = (
				677B00E11E81196A00B781C7 /* Sources */,
				677B00E21E81196A00B781C7 /* Frameworks */,
				677B00E31E81196A00B781C7 /* Resources */,
			);
			buildRules = (
			);
			dependencies = (
			);
			name = HPZBTV;
			productName = HPZBTV;
			productReference = 677B00E51E81196A00B781C7 /* HPZBTV.app */;
			productType = "com.apple.product-type.application";
		};
/* End PBXNativeTarget section */

/* Begin PBXProject section */
		677B00DD1E81196A00B781C7 /* Project object */ = {
			isa = PBXProject;
			attributes = {
				LastSwiftUpdateCheck = 0810;
				LastUpgradeCheck = 0810;
				ORGANIZATIONNAME = m.zintao;
				TargetAttributes = {
					677B00E41E81196A00B781C7 = {
						CreatedOnToolsVersion = 8.1;
						DevelopmentTeam = 3999UXF2GH;
						ProvisioningStyle = Automatic;
					};
				};
			};
			buildConfigurationList = 677B00E01E81196A00B781C7 /* Build configuration list for PBXProject "HPZBTV" */;
			compatibilityVersion = "Xcode 3.2";
			developmentRegion = English;
			hasScannedForEncodings = 0;
			knownRegions = (
				en,
				Base,
			);
			mainGroup = 677B00DC1E81196A00B781C7;
			productRefGroup = 677B00E61E81196A00B781C7 /* Products */;
			projectDirPath = "";
			projectRoot = "";
			targets = (
				677B00E41E81196A00B781C7 /* HPZBTV */,
			);
		};
/* End PBXProject section */

/* Begin PBXResourcesBuildPhase section */
		677B00E31E81196A00B781C7 /* Resources */ = {
			isa = PBXResourcesBuildPhase;
			buildActionMask = 2147483647;
			files = (
				677B00F31E81196A00B781C7 /* LaunchScreen.storyboard in Resources */,
				677B00F01E81196A00B781C7 /* Assets.xcassets in Resources */,
				677B00EE1E81196A00B781C7 /* Main.storyboard in Resources */,
				677B010C1E812F9F00B781C7 /* Live.storyboard in Resources */,
				677B010A1E812F5F00B781C7 /* Home.storyboard in Resources */,
				677B01181E81328F00B781C7 /* Profile.storyboard in Resources */,
				677B010F1E812FBA00B781C7 /* Follow.storyboard in Resources */,
			);
			runOnlyForDeploymentPostprocessing = 0;
		};
/* End PBXResourcesBuildPhase section */

/* Begin PBXSourcesBuildPhase section */
		677B00E11E81196A00B781C7 /* Sources */ = {
			isa = PBXSourcesBuildPhase;
			buildActionMask = 2147483647;
			files = (
				67E69E1D1E820EC9002235E5 /* UIBarbuttonItem_extension.swift in Sources */,
				677B00E91E81196A00B781C7 /* AppDelegate.swift in Sources */,
				677B01201E81351C00B781C7 /* MainViewController.swift in Sources */,
				677B01221E81362D00B781C7 /* HomeViewController.swift in Sources */,
			);
			runOnlyForDeploymentPostprocessing = 0;
		};
/* End PBXSourcesBuildPhase section */

/* Begin PBXVariantGroup section */
		677B00EC1E81196A00B781C7 /* Main.storyboard */ = {
			isa = PBXVariantGroup;
			children = (
				677B00ED1E81196A00B781C7 /* Base */,
			);
			name = Main.storyboard;
			path = ../..;
			sourceTree = "<group>";
		};
		677B00F11E81196A00B781C7 /* LaunchScreen.storyboard */ = {
			isa = PBXVariantGroup;
			children = (
				677B00F21E81196A00B781C7 /* Base */,
			);
			name = LaunchScreen.storyboard;
			sourceTree = "<group>";
		};
		677B01081E812F5F00B781C7 /* Home.storyboard */ = {
			isa = PBXVariantGroup;
			children = (
				677B01091E812F5F00B781C7 /* Base */,
			);
			name = Home.storyboard;
			path = ../Main;
			sourceTree = "<group>";
		};
		677B010D1E812FBA00B781C7 /* Follow.storyboard */ = {
			isa = PBXVariantGroup;
			children = (
				677B010E1E812FBA00B781C7 /* Base */,
			);
			name = Follow.storyboard;
			path = ../Main;
			sourceTree = "<group>";
		};
/* End PBXVariantGroup section */

/* Begin XCBuildConfiguration section */
		677B00F51E81196A00B781C7 /* Debug */ = {
			isa = XCBuildConfiguration;
			buildSettings = {
				ALWAYS_SEARCH_USER_PATHS = NO;
				CLANG_ANALYZER_NONNULL = YES;
				CLANG_CXX_LANGUAGE_STANDARD = "gnu++0x";
				CLANG_CXX_LIBRARY = "libc++";
				CLANG_ENABLE_MODULES = YES;
				CLANG_ENABLE_OBJC_ARC = YES;
				CLANG_WARN_BOOL_CONVERSION = YES;
				CLANG_WARN_CONSTANT_CONVERSION = YES;
				CLANG_WARN_DIRECT_OBJC_ISA_USAGE = YES_ERROR;
				CLANG_WARN_DOCUMENTATION_COMMENTS = YES;
				CLANG_WARN_EMPTY_BODY = YES;
				CLANG_WARN_ENUM_CONVERSION = YES;
				CLANG_WARN_INFINITE_RECURSION = YES;
				CLANG_WARN_INT_CONVERSION = YES;
				CLANG_WARN_OBJC_ROOT_CLASS = YES_ERROR;
				CLANG_WARN_SUSPICIOUS_MOVES = YES;
				CLANG_WARN_UNREACHABLE_CODE = YES;
				CLANG_WARN__DUPLICATE_METHOD_MATCH = YES;
				"CODE_SIGN_IDENTITY[sdk=iphoneos*]" = "iPhone Developer";
				COPY_PHASE_STRIP = NO;
				DEBUG_INFORMATION_FORMAT = dwarf;
				ENABLE_STRICT_OBJC_MSGSEND = YES;
				ENABLE_TESTABILITY = YES;
				GCC_C_LANGUAGE_STANDARD = gnu99;
				GCC_DYNAMIC_NO_PIC = NO;
				GCC_NO_COMMON_BLOCKS = YES;
				GCC_OPTIMIZATION_LEVEL = 0;
				GCC_PREPROCESSOR_DEFINITIONS = (
					"DEBUG=1",
					"$(inherited)",
				);
				GCC_WARN_64_TO_32_BIT_CONVERSION = YES;
				GCC_WARN_ABOUT_RETURN_TYPE = YES_ERROR;
				GCC_WARN_UNDECLARED_SELECTOR = YES;
				GCC_WARN_UNINITIALIZED_AUTOS = YES_AGGRESSIVE;
				GCC_WARN_UNUSED_FUNCTION = YES;
				GCC_WARN_UNUSED_VARIABLE = YES;
				IPHONEOS_DEPLOYMENT_TARGET = 10.1;
				MTL_ENABLE_DEBUG_INFO = YES;
				ONLY_ACTIVE_ARCH = YES;
				SDKROOT = iphoneos;
				SWIFT_ACTIVE_COMPILATION_CONDITIONS = DEBUG;
				SWIFT_OPTIMIZATION_LEVEL = "-Onone";
			};
			name = Debug;
		};
		677B00F61E81196A00B781C7 /* Release */ = {
			isa = XCBuildConfiguration;
			buildSettings = {
				ALWAYS_SEARCH_USER_PATHS = NO;
				CLANG_ANALYZER_NONNULL = YES;
				CLANG_CXX_LANGUAGE_STANDARD = "gnu++0x";
				CLANG_CXX_LIBRARY = "libc++";
				CLANG_ENABLE_MODULES = YES;
				CLANG_ENABLE_OBJC_ARC = YES;
				CLANG_WARN_BOOL_CONVERSION = YES;
				CLANG_WARN_CONSTANT_CONVERSION = YES;
				CLANG_WARN_DIRECT_OBJC_ISA_USAGE = YES_ERROR;
				CLANG_WARN_DOCUMENTATION_COMMENTS = YES;
				CLANG_WARN_EMPTY_BODY = YES;
				CLANG_WARN_ENUM_CONVERSION = YES;
				CLANG_WARN_INFINITE_RECURSION = YES;
				CLANG_WARN_INT_CONVERSION = YES;
				CLANG_WARN_OBJC_ROOT_CLASS = YES_ERROR;
				CLANG_WARN_SUSPICIOUS_MOVES = YES;
				CLANG_WARN_UNREACHABLE_CODE = YES;
				CLANG_WARN__DUPLICATE_METHOD_MATCH = YES;
				"CODE_SIGN_IDENTITY[sdk=iphoneos*]" = "iPhone Developer";
				COPY_PHASE_STRIP = NO;
				DEBUG_INFORMATION_FORMAT = "dwarf-with-dsym";
				ENABLE_NS_ASSERTIONS = NO;
				ENABLE_STRICT_OBJC_MSGSEND = YES;
				GCC_C_LANGUAGE_STANDARD = gnu99;
				GCC_NO_COMMON_BLOCKS = YES;
				GCC_WARN_64_TO_32_BIT_CONVERSION = YES;
				GCC_WARN_ABOUT_RETURN_TYPE = YES_ERROR;
				GCC_WARN_UNDECLARED_SELECTOR = YES;
				GCC_WARN_UNINITIALIZED_AUTOS = YES_AGGRESSIVE;
				GCC_WARN_UNUSED_FUNCTION = YES;
				GCC_WARN_UNUSED_VARIABLE = YES;
				IPHONEOS_DEPLOYMENT_TARGET = 10.1;
				MTL_ENABLE_DEBUG_INFO = NO;
				SDKROOT = iphoneos;
				SWIFT_OPTIMIZATION_LEVEL = "-Owholemodule";
				VALIDATE_PRODUCT = YES;
			};
			name = Release;
		};
		677B00F81E81196A00B781C7 /* Debug */ = {
			isa = XCBuildConfiguration;
			buildSettings = {
				ASSETCATALOG_COMPILER_APPICON_NAME = AppIcon;
				ASSETCATALOG_COMPILER_LAUNCHIMAGE_NAME = LaunchImage;
				DEVELOPMENT_TEAM = 3999UXF2GH;
				INFOPLIST_FILE = HPZBTV/Info.plist;
				IPHONEOS_DEPLOYMENT_TARGET = 9.0;
				LD_RUNPATH_SEARCH_PATHS = "$(inherited) @executable_path/Frameworks";
				PRODUCT_BUNDLE_IDENTIFIER = com.zintao.HPZBTV;
				PRODUCT_NAME = "$(TARGET_NAME)";
				SWIFT_VERSION = 3.0;
			};
			name = Debug;
		};
		677B00F91E81196A00B781C7 /* Release */ = {
			isa = XCBuildConfiguration;
			buildSettings = {
				ASSETCATALOG_COMPILER_APPICON_NAME = AppIcon;
				ASSETCATALOG_COMPILER_LAUNCHIMAGE_NAME = LaunchImage;
				DEVELOPMENT_TEAM = 3999UXF2GH;
				INFOPLIST_FILE = HPZBTV/Info.plist;
				IPHONEOS_DEPLOYMENT_TARGET = 9.0;
				LD_RUNPATH_SEARCH_PATHS = "$(inherited) @executable_path/Frameworks";
				PRODUCT_BUNDLE_IDENTIFIER = com.zintao.HPZBTV;
				PRODUCT_NAME = "$(TARGET_NAME)";
				SWIFT_VERSION = 3.0;
			};
			name = Release;
		};
/* End XCBuildConfiguration section */

/* Begin XCConfigurationList section */
		677B00E01E81196A00B781C7 /* Build configuration list for PBXProject "HPZBTV" */ = {
			isa = XCConfigurationList;
			buildConfigurations = (
				677B00F51E81196A00B781C7 /* Debug */,
				677B00F61E81196A00B781C7 /* Release */,
			);
			defaultConfigurationIsVisible = 0;
			defaultConfigurationName = Release;
		};
		677B00F71E81196A00B781C7 /* Build configuration list for PBXNativeTarget "HPZBTV" */ = {
			isa = XCConfigurationList;
			buildConfigurations = (
				677B00F81E81196A00B781C7 /* Debug */,
				677B00F91E81196A00B781C7 /* Release */,
			);
			defaultConfigurationIsVisible = 0;
			defaultConfigurationName = Release;
		};
/* End XCConfigurationList section */
	};
	rootObject = 677B00DD1E81196A00B781C7 /* Project object */;
}
